
Microsoft Visual Studio Solution File, Format Version 12.00
# Visual Studio Version 17
VisualStudioVersion = 17.14.36429.23
MinimumVisualStudioVersion = 10.0.40219.1
Project("{2150E333-8FDC-42A3-9474-1A3956D46DE8}") = "Task0", "Task0", "{02EA681E-C7D8-13C7-8484-4AC65E1B71E8}"
EndProject
Project("{FAE04EC0-301F-11D3-BF4B-00C04F79EFBC}") = "Tyuiu.BatogovRK.Sprint4.Task0.V13.Lib", "Tyuiu.BatogovRK.Sprint4.Task0.V13.Lib\Tyuiu.BatogovRK.Sprint4.Task0.V13.Lib.csproj", "{279EF4CB-F5FA-4AA1-8FE0-466E3595463F}"
EndProject
Project("{FAE04EC0-301F-11D3-BF4B-00C04F79EFBC}") = "Tyuiu.BatogovRK.Sprint4.Task0.V13", "Tyuiu.BatogovRK.Sprint4.Task0.V13\Tyuiu.BatogovRK.Sprint4.Task0.V13.csproj", "{26A7B295-E202-4201-A025-654500A8A6FD}"
EndProject
Project("{FAE04EC0-301F-11D3-BF4B-00C04F79EFBC}") = "Tyuiu.BatogovRK.Sprint4.Task0.V13.Test", "Tyuiu.BatogovRK.Sprint4.Task0.V13.Test\Tyuiu.BatogovRK.Sprint4.Task0.V13.Test.csproj", "{7CDA684D-EAE6-4678-B0ED-D7B6A2C0BC98}"
EndProject
Project("{2150E333-8FDC-42A3-9474-1A3956D46DE8}") = "Task1", "Task1", "{80D6BDB8-7D4C-45BE-8980-5638A0833132}"
EndProject
Project("{FAE04EC0-301F-11D3-BF4B-00C04F79EFBC}") = "Tyuiu.BatogovRK.Sprint4.Task1.V21.Lib", "Tyuiu.BatogovRK.Sprint4.Task1.V21.Lib\Tyuiu.BatogovRK.Sprint4.Task1.V21.Lib.csproj", "{170B599C-606C-4587-8FD7-5F4718C8BE1D}"
EndProject
Project("{FAE04EC0-301F-11D3-BF4B-00C04F79EFBC}") = "Tyuiu.BatogovRK.Sprint4.Task1.V21", "Tyuiu.BatogovRK.Sprint4.Task1.V21\Tyuiu.BatogovRK.Sprint4.Task1.V21.csproj", "{B2086AF7-E528-4728-9949-0D239357D394}"
EndProject
Project("{FAE04EC0-301F-11D3-BF4B-00C04F79EFBC}") = "Tyuiu.BatogovRK.Sprint4.Task1.V21.Test", "Tyuiu.BatogovRK.Sprint4.Task1.V21.Test\Tyuiu.BatogovRK.Sprint4.Task1.V21.Test.csproj", "{795A1E68-080B-4987-8489-007EE7294586}"
EndProject
Project("{2150E333-8FDC-42A3-9474-1A3956D46DE8}") = "Task2", "Task2", "{CF0A0CB0-AC2F-47F3-8C55-844231198562}"
EndProject
Project("{FAE04EC0-301F-11D3-BF4B-00C04F79EFBC}") = "Tyuiu.BatogovRK.Sprint4.Task2.V23.Test", "Tyuiu.BatogovRK.Sprint4.Task2.V23.Test\Tyuiu.BatogovRK.Sprint4.Task2.V23.Test.csproj", "{4377D962-2E8B-4652-ADE8-4043CEF9AD2A}"
EndProject
Project("{FAE04EC0-301F-11D3-BF4B-00C04F79EFBC}") = "Tyuiu.BatogovRK.Sprint4.Task2.V23", "Tyuiu.BatogovRK.Sprint4.Task2.V23\Tyuiu.BatogovRK.Sprint4.Task2.V23.csproj", "{AF27D0B3-25E7-438C-BCDF-572FFB439B74}"
EndProject
Project("{FAE04EC0-301F-11D3-BF4B-00C04F79EFBC}") = "Tyuiu.BatogovRK.Sprint4.Task2.V23.Lib", "Tyuiu.BatogovRK.Sprint4.Task2.V23.Lib\Tyuiu.BatogovRK.Sprint4.Task2.V23.Lib.csproj", "{02C2EDF1-4747-45C8-BF2D-499337DABEF5}"
EndProject
Project("{2150E333-8FDC-42A3-9474-1A3956D46DE8}") = "Task3", "Task3", "{6BD8DE39-B1EE-4300-9191-D124AC716204}"
EndProject
Project("{FAE04EC0-301F-11D3-BF4B-00C04F79EFBC}") = "Tyuiu.BatogovRK.Sprint4.Task3.V9.Lib", "Tyuiu.BatogovRK.Sprint4.Task3.V9.Lib\Tyuiu.BatogovRK.Sprint4.Task3.V9.Lib.csproj", "{303D3B15-D790-4A4B-ABCF-C850E38CFC5D}"
EndProject
Project("{FAE04EC0-301F-11D3-BF4B-00C04F79EFBC}") = "Tyuiu.BatogovRK.Sprint4.Task3.V9.Test", "Tyuiu.BatogovRK.Sprint4.Task3.V9.Test\Tyuiu.BatogovRK.Sprint4.Task3.V9.Test.csproj", "{113938EF-6FC2-414A-A6B6-DE5B4E25E6E5}"
EndProject
Project("{FAE04EC0-301F-11D3-BF4B-00C04F79EFBC}") = "Tyuiu.BatogovRK.Sprint4.Task3.V9", "Tyuiu.BatogovRK.Sprint4.Task3.V9\Tyuiu.BatogovRK.Sprint4.Task3.V9.csproj", "{CBCC1B54-0065-4A70-986E-1CEABA121695}"
EndProject
Project("{2150E333-8FDC-42A3-9474-1A3956D46DE8}") = "Task4", "Task4", "{358FB422-4305-4451-93B8-163301038214}"
EndProject
Project("{FAE04EC0-301F-11D3-BF4B-00C04F79EFBC}") = "Tyuiu.BatogovRK.Sprint4.Task4.V3.Lib", "Tyuiu.BatogovRK.Sprint4.Task4.V3.Lib\Tyuiu.BatogovRK.Sprint4.Task4.V3.Lib.csproj", "{7943FE8C-8909-45E3-98A8-3090BC182C38}"
EndProject
Project("{FAE04EC0-301F-11D3-BF4B-00C04F79EFBC}") = "Tyuiu.BatogovRK.Sprint4.Task4.V3.Test", "Tyuiu.BatogovRK.Sprint4.Task4.V3.Test\Tyuiu.BatogovRK.Sprint4.Task4.V3.Test.csproj", "{5DA4B73A-2674-4E08-AD6F-3B58E6BE0839}"
EndProject
Project("{FAE04EC0-301F-11D3-BF4B-00C04F79EFBC}") = "Tyuiu.BatogovRK.Sprint4.Task4.V3", "Tyuiu.BatogovRK.Sprint4.Task4.V3\Tyuiu.BatogovRK.Sprint4.Task4.V3.csproj", "{D3129DA9-B5AA-4DBA-B65C-6C273F224338}"
EndProject
Project("{2150E333-8FDC-42A3-9474-1A3956D46DE8}") = "Task5", "Task5", "{0DDA8752-7F4A-4986-B924-983181F35AC8}"
EndProject
Project("{FAE04EC0-301F-11D3-BF4B-00C04F79EFBC}") = "Tyuiu.BatogovRK.Sprint4.Task5.V12.Lib", "Tyuiu.BatogovRK.Sprint4.Task5.V12.Lib\Tyuiu.BatogovRK.Sprint4.Task5.V12.Lib.csproj", "{071C3CEB-5ACD-48F5-8D76-E35F638CBA74}"
EndProject
Project("{FAE04EC0-301F-11D3-BF4B-00C04F79EFBC}") = "Tyuiu.BatogovRK.Sprint4.Task5.V12.Test", "Tyuiu.BatogovRK.Sprint4.Task5.V12.Test\Tyuiu.BatogovRK.Sprint4.Task5.V12.Test.csproj", "{E4AD04E9-5680-476E-B506-926DDEFDD159}"
EndProject
Project("{FAE04EC0-301F-11D3-BF4B-00C04F79EFBC}") = "Tyuiu.BatogovRK.Sprint4.Task5.V12", "Tyuiu.BatogovRK.Sprint4.Task5.V12\Tyuiu.BatogovRK.Sprint4.Task5.V12.csproj", "{05B2008C-A575-4992-973C-0C3B84E12FC5}"
EndProject
Global
	GlobalSection(SolutionConfigurationPlatforms) = preSolution
		Debug|Any CPU = Debug|Any CPU
		Release|Any CPU = Release|Any CPU
	EndGlobalSection
	GlobalSection(ProjectConfigurationPlatforms) = postSolution
		{279EF4CB-F5FA-4AA1-8FE0-466E3595463F}.Debug|Any CPU.ActiveCfg = Debug|Any CPU
		{279EF4CB-F5FA-4AA1-8FE0-466E3595463F}.Debug|Any CPU.Build.0 = Debug|Any CPU
		{279EF4CB-F5FA-4AA1-8FE0-466E3595463F}.Release|Any CPU.ActiveCfg = Release|Any CPU
		{279EF4CB-F5FA-4AA1-8FE0-466E3595463F}.Release|Any CPU.Build.0 = Release|Any CPU
		{26A7B295-E202-4201-A025-654500A8A6FD}.Debug|Any CPU.ActiveCfg = Debug|Any CPU
		{26A7B295-E202-4201-A025-654500A8A6FD}.Debug|Any CPU.Build.0 = Debug|Any CPU
		{26A7B295-E202-4201-A025-654500A8A6FD}.Release|Any CPU.ActiveCfg = Release|Any CPU
		{26A7B295-E202-4201-A025-654500A8A6FD}.Release|Any CPU.Build.0 = Release|Any CPU
		{7CDA684D-EAE6-4678-B0ED-D7B6A2C0BC98}.Debug|Any CPU.ActiveCfg = Debug|Any CPU
		{7CDA684D-EAE6-4678-B0ED-D7B6A2C0BC98}.Debug|Any CPU.Build.0 = Debug|Any CPU
		{7CDA684D-EAE6-4678-B0ED-D7B6A2C0BC98}.Release|Any CPU.ActiveCfg = Release|Any CPU
		{7CDA684D-EAE6-4678-B0ED-D7B6A2C0BC98}.Release|Any CPU.Build.0 = Release|Any CPU
		{170B599C-606C-4587-8FD7-5F4718C8BE1D}.Debug|Any CPU.ActiveCfg = Debug|Any CPU
		{170B599C-606C-4587-8FD7-5F4718C8BE1D}.Debug|Any CPU.Build.0 = Debug|Any CPU
		{170B599C-606C-4587-8FD7-5F4718C8BE1D}.Release|Any CPU.ActiveCfg = Release|Any CPU
		{170B599C-606C-4587-8FD7-5F4718C8BE1D}.Release|Any CPU.Build.0 = Release|Any CPU
		{B2086AF7-E528-4728-9949-0D239357D394}.Debug|Any CPU.ActiveCfg = Debug|Any CPU
		{B2086AF7-E528-4728-9949-0D239357D394}.Debug|Any CPU.Build.0 = Debug|Any CPU
		{B2086AF7-E528-4728-9949-0D239357D394}.Release|Any CPU.ActiveCfg = Release|Any CPU
		{B2086AF7-E528-4728-9949-0D239357D394}.Release|Any CPU.Build.0 = Release|Any CPU
		{795A1E68-080B-4987-8489-007EE7294586}.Debug|Any CPU.ActiveCfg = Debug|Any CPU
		{795A1E68-080B-4987-8489-007EE7294586}.Debug|Any CPU.Build.0 = Debug|Any CPU
		{795A1E68-080B-4987-8489-007EE7294586}.Release|Any CPU.ActiveCfg = Release|Any CPU
		{795A1E68-080B-4987-8489-007EE7294586}.Release|Any CPU.Build.0 = Release|Any CPU
		{4377D962-2E8B-4652-ADE8-4043CEF9AD2A}.Debug|Any CPU.ActiveCfg = Debug|Any CPU
		{4377D962-2E8B-4652-ADE8-4043CEF9AD2A}.Debug|Any CPU.Build.0 = Debug|Any CPU
		{4377D962-2E8B-4652-ADE8-4043CEF9AD2A}.Release|Any CPU.ActiveCfg = Release|Any CPU
		{4377D962-2E8B-4652-ADE8-4043CEF9AD2A}.Release|Any CPU.Build.0 = Release|Any CPU
		{AF27D0B3-25E7-438C-BCDF-572FFB439B74}.Debug|Any CPU.ActiveCfg = Debug|Any CPU
		{AF27D0B3-25E7-438C-BCDF-572FFB439B74}.Debug|Any CPU.Build.0 = Debug|Any CPU
		{AF27D0B3-25E7-438C-BCDF-572FFB439B74}.Release|Any CPU.ActiveCfg = Release|Any CPU
		{AF27D0B3-25E7-438C-BCDF-572FFB439B74}.Release|Any CPU.Build.0 = Release|Any CPU
		{02C2EDF1-4747-45C8-BF2D-499337DABEF5}.Debug|Any CPU.ActiveCfg = Debug|Any CPU
		{02C2EDF1-4747-45C8-BF2D-499337DABEF5}.Debug|Any CPU.Build.0 = Debug|Any CPU
		{02C2EDF1-4747-45C8-BF2D-499337DABEF5}.Release|Any CPU.ActiveCfg = Release|Any CPU
		{02C2EDF1-4747-45C8-BF2D-499337DABEF5}.Release|Any CPU.Build.0 = Release|Any CPU
		{303D3B15-D790-4A4B-ABCF-C850E38CFC5D}.Debug|Any CPU.ActiveCfg = Debug|Any CPU
		{303D3B15-D790-4A4B-ABCF-C850E38CFC5D}.Debug|Any CPU.Build.0 = Debug|Any CPU
		{303D3B15-D790-4A4B-ABCF-C850E38CFC5D}.Release|Any CPU.ActiveCfg = Release|Any CPU
		{303D3B15-D790-4A4B-ABCF-C850E38CFC5D}.Release|Any CPU.Build.0 = Release|Any CPU
		{113938EF-6FC2-414A-A6B6-DE5B4E25E6E5}.Debug|Any CPU.ActiveCfg = Debug|Any CPU
		{113938EF-6FC2-414A-A6B6-DE5B4E25E6E5}.Debug|Any CPU.Build.0 = Debug|Any CPU
		{113938EF-6FC2-414A-A6B6-DE5B4E25E6E5}.Release|Any CPU.ActiveCfg = Release|Any CPU
		{113938EF-6FC2-414A-A6B6-DE5B4E25E6E5}.Release|Any CPU.Build.0 = Release|Any CPU
		{CBCC1B54-0065-4A70-986E-1CEABA121695}.Debug|Any CPU.ActiveCfg = Debug|Any CPU
		{CBCC1B54-0065-4A70-986E-1CEABA121695}.Debug|Any CPU.Build.0 = Debug|Any CPU
		{CBCC1B54-0065-4A70-986E-1CEABA121695}.Release|Any CPU.ActiveCfg = Release|Any CPU
		{CBCC1B54-0065-4A70-986E-1CEABA121695}.Release|Any CPU.Build.0 = Release|Any CPU
		{7943FE8C-8909-45E3-98A8-3090BC182C38}.Debug|Any CPU.ActiveCfg = Debug|Any CPU
		{7943FE8C-8909-45E3-98A8-3090BC182C38}.Debug|Any CPU.Build.0 = Debug|Any CPU
		{7943FE8C-8909-45E3-98A8-3090BC182C38}.Release|Any CPU.ActiveCfg = Release|Any CPU
		{7943FE8C-8909-45E3-98A8-3090BC182C38}.Release|Any CPU.Build.0 = Release|Any CPU
		{5DA4B73A-2674-4E08-AD6F-3B58E6BE0839}.Debug|Any CPU.ActiveCfg = Debug|Any CPU
		{5DA4B73A-2674-4E08-AD6F-3B58E6BE0839}.Debug|Any CPU.Build.0 = Debug|Any CPU
		{5DA4B73A-2674-4E08-AD6F-3B58E6BE0839}.Release|Any CPU.ActiveCfg = Release|Any CPU
		{5DA4B73A-2674-4E08-AD6F-3B58E6BE0839}.Release|Any CPU.Build.0 = Release|Any CPU
		{D3129DA9-B5AA-4DBA-B65C-6C273F224338}.Debug|Any CPU.ActiveCfg = Debug|Any CPU
		{D3129DA9-B5AA-4DBA-B65C-6C273F224338}.Debug|Any CPU.Build.0 = Debug|Any CPU
		{D3129DA9-B5AA-4DBA-B65C-6C273F224338}.Release|Any CPU.ActiveCfg = Release|Any CPU
		{D3129DA9-B5AA-4DBA-B65C-6C273F224338}.Release|Any CPU.Build.0 = Release|Any CPU
		{071C3CEB-5ACD-48F5-8D76-E35F638CBA74}.Debug|Any CPU.ActiveCfg = Debug|Any CPU
		{071C3CEB-5ACD-48F5-8D76-E35F638CBA74}.Debug|Any CPU.Build.0 = Debug|Any CPU
		{071C3CEB-5ACD-48F5-8D76-E35F638CBA74}.Release|Any CPU.ActiveCfg = Release|Any CPU
		{071C3CEB-5ACD-48F5-8D76-E35F638CBA74}.Release|Any CPU.Build.0 = Release|Any CPU
		{E4AD04E9-5680-476E-B506-926DDEFDD159}.Debug|Any CPU.ActiveCfg = Debug|Any CPU
		{E4AD04E9-5680-476E-B506-926DDEFDD159}.Debug|Any CPU.Build.0 = Debug|Any CPU
		{E4AD04E9-5680-476E-B506-926DDEFDD159}.Release|Any CPU.ActiveCfg = Release|Any CPU
		{E4AD04E9-5680-476E-B506-926DDEFDD159}.Release|Any CPU.Build.0 = Release|Any CPU
		{05B2008C-A575-4992-973C-0C3B84E12FC5}.Debug|Any CPU.ActiveCfg = Debug|Any CPU
		{05B2008C-A575-4992-973C-0C3B84E12FC5}.Debug|Any CPU.Build.0 = Debug|Any CPU
		{05B2008C-A575-4992-973C-0C3B84E12FC5}.Release|Any CPU.ActiveCfg = Release|Any CPU
		{05B2008C-A575-4992-973C-0C3B84E12FC5}.Release|Any CPU.Build.0 = Release|Any CPU
	EndGlobalSection
	GlobalSection(SolutionProperties) = preSolution
		HideSolutionNode = FALSE
	EndGlobalSection
	GlobalSection(NestedProjects) = preSolution
		{279EF4CB-F5FA-4AA1-8FE0-466E3595463F} = {02EA681E-C7D8-13C7-8484-4AC65E1B71E8}
		{26A7B295-E202-4201-A025-654500A8A6FD} = {02EA681E-C7D8-13C7-8484-4AC65E1B71E8}
		{7CDA684D-EAE6-4678-B0ED-D7B6A2C0BC98} = {02EA681E-C7D8-13C7-8484-4AC65E1B71E8}
		{170B599C-606C-4587-8FD7-5F4718C8BE1D} = {80D6BDB8-7D4C-45BE-8980-5638A0833132}
		{B2086AF7-E528-4728-9949-0D239357D394} = {80D6BDB8-7D4C-45BE-8980-5638A0833132}
		{795A1E68-080B-4987-8489-007EE7294586} = {80D6BDB8-7D4C-45BE-8980-5638A0833132}
		{4377D962-2E8B-4652-ADE8-4043CEF9AD2A} = {CF0A0CB0-AC2F-47F3-8C55-844231198562}
		{AF27D0B3-25E7-438C-BCDF-572FFB439B74} = {CF0A0CB0-AC2F-47F3-8C55-844231198562}
		{02C2EDF1-4747-45C8-BF2D-499337DABEF5} = {CF0A0CB0-AC2F-47F3-8C55-844231198562}
		{303D3B15-D790-4A4B-ABCF-C850E38CFC5D} = {6BD8DE39-B1EE-4300-9191-D124AC716204}
		{113938EF-6FC2-414A-A6B6-DE5B4E25E6E5} = {6BD8DE39-B1EE-4300-9191-D124AC716204}
		{CBCC1B54-0065-4A70-986E-1CEABA121695} = {6BD8DE39-B1EE-4300-9191-D124AC716204}
		{7943FE8C-8909-45E3-98A8-3090BC182C38} = {358FB422-4305-4451-93B8-163301038214}
		{5DA4B73A-2674-4E08-AD6F-3B58E6BE0839} = {358FB422-4305-4451-93B8-163301038214}
		{D3129DA9-B5AA-4DBA-B65C-6C273F224338} = {358FB422-4305-4451-93B8-163301038214}
		{071C3CEB-5ACD-48F5-8D76-E35F638CBA74} = {0DDA8752-7F4A-4986-B924-983181F35AC8}
		{E4AD04E9-5680-476E-B506-926DDEFDD159} = {0DDA8752-7F4A-4986-B924-983181F35AC8}
		{05B2008C-A575-4992-973C-0C3B84E12FC5} = {0DDA8752-7F4A-4986-B924-983181F35AC8}
	EndGlobalSection
	GlobalSection(ExtensibilityGlobals) = postSolution
		SolutionGuid = {4A24AFFD-CEC6-4A4E-B577-BC12FEFF6EDC}
	EndGlobalSection
EndGlobal
