
Microsoft Visual Studio Solution File, Format Version 12.00
# Visual Studio Version 17
VisualStudioVersion = 17.14.36429.23 d17.14
MinimumVisualStudioVersion = 10.0.40219.1
Project("{2150E333-8FDC-42A3-9474-1A3956D46DE8}") = "Task0", "Task0", "{02EA681E-C7D8-13C7-8484-4AC65E1B71E8}"
EndProject
Project("{FAE04EC0-301F-11D3-BF4B-00C04F79EFBC}") = "Tyuiu.BatogovRK.Sprint4.Task0.V13.Lib", "Tyuiu.BatogovRK.Sprint4.Task0.V13.Lib\Tyuiu.BatogovRK.Sprint4.Task0.V13.Lib.csproj", "{279EF4CB-F5FA-4AA1-8FE0-466E3595463F}"
EndProject
Project("{FAE04EC0-301F-11D3-BF4B-00C04F79EFBC}") = "Tyuiu.BatogovRK.Sprint4.Task0.V13", "Tyuiu.BatogovRK.Sprint4.Task0.V13\Tyuiu.BatogovRK.Sprint4.Task0.V13.csproj", "{26A7B295-E202-4201-A025-654500A8A6FD}"
EndProject
Project("{FAE04EC0-301F-11D3-BF4B-00C04F79EFBC}") = "Tyuiu.BatogovRK.Sprint4.Task0.V13.Test", "Tyuiu.BatogovRK.Sprint4.Task0.V13.Test\Tyuiu.BatogovRK.Sprint4.Task0.V13.Test.csproj", "{7CDA684D-EAE6-4678-B0ED-D7B6A2C0BC98}"
EndProject
Project("{2150E333-8FDC-42A3-9474-1A3956D46DE8}") = "Task1", "Task1", "{80D6BDB8-7D4C-45BE-8980-5638A0833132}"
EndProject
Project("{FAE04EC0-301F-11D3-BF4B-00C04F79EFBC}") = "Tyuiu.BatogovRK.Sprint4.Task1.V21.Lib", "Tyuiu.BatogovRK.Sprint4.Task1.V21.Lib\Tyuiu.BatogovRK.Sprint4.Task1.V21.Lib.csproj", "{170B599C-606C-4587-8FD7-5F4718C8BE1D}"
EndProject
Project("{FAE04EC0-301F-11D3-BF4B-00C04F79EFBC}") = "Tyuiu.BatogovRK.Sprint4.Task1.V21", "Tyuiu.BatogovRK.Sprint4.Task1.V21\Tyuiu.BatogovRK.Sprint4.Task1.V21.csproj", "{B2086AF7-E528-4728-9949-0D239357D394}"
EndProject
Project("{FAE04EC0-301F-11D3-BF4B-00C04F79EFBC}") = "Tyuiu.BatogovRK.Sprint4.Task1.V21.Test", "Tyuiu.BatogovRK.Sprint4.Task1.V21.Test\Tyuiu.BatogovRK.Sprint4.Task1.V21.Test.csproj", "{795A1E68-080B-4987-8489-007EE7294586}"
EndProject
Global
	GlobalSection(SolutionConfigurationPlatforms) = preSolution
		Debug|Any CPU = Debug|Any CPU
		Release|Any CPU = Release|Any CPU
	EndGlobalSection
	GlobalSection(ProjectConfigurationPlatforms) = postSolution
		{279EF4CB-F5FA-4AA1-8FE0-466E3595463F}.Debug|Any CPU.ActiveCfg = Debug|Any CPU
		{279EF4CB-F5FA-4AA1-8FE0-466E3595463F}.Debug|Any CPU.Build.0 = Debug|Any CPU
		{279EF4CB-F5FA-4AA1-8FE0-466E3595463F}.Release|Any CPU.ActiveCfg = Release|Any CPU
		{279EF4CB-F5FA-4AA1-8FE0-466E3595463F}.Release|Any CPU.Build.0 = Release|Any CPU
		{26A7B295-E202-4201-A025-654500A8A6FD}.Debug|Any CPU.ActiveCfg = Debug|Any CPU
		{26A7B295-E202-4201-A025-654500A8A6FD}.Debug|Any CPU.Build.0 = Debug|Any CPU
		{26A7B295-E202-4201-A025-654500A8A6FD}.Release|Any CPU.ActiveCfg = Release|Any CPU
		{26A7B295-E202-4201-A025-654500A8A6FD}.Release|Any CPU.Build.0 = Release|Any CPU
		{7CDA684D-EAE6-4678-B0ED-D7B6A2C0BC98}.Debug|Any CPU.ActiveCfg = Debug|Any CPU
		{7CDA684D-EAE6-4678-B0ED-D7B6A2C0BC98}.Debug|Any CPU.Build.0 = Debug|Any CPU
		{7CDA684D-EAE6-4678-B0ED-D7B6A2C0BC98}.Release|Any CPU.ActiveCfg = Release|Any CPU
		{7CDA684D-EAE6-4678-B0ED-D7B6A2C0BC98}.Release|Any CPU.Build.0 = Release|Any CPU
		{170B599C-606C-4587-8FD7-5F4718C8BE1D}.Debug|Any CPU.ActiveCfg = Debug|Any CPU
		{170B599C-606C-4587-8FD7-5F4718C8BE1D}.Debug|Any CPU.Build.0 = Debug|Any CPU
		{170B599C-606C-4587-8FD7-5F4718C8BE1D}.Release|Any CPU.ActiveCfg = Release|Any CPU
		{170B599C-606C-4587-8FD7-5F4718C8BE1D}.Release|Any CPU.Build.0 = Release|Any CPU
		{B2086AF7-E528-4728-9949-0D239357D394}.Debug|Any CPU.ActiveCfg = Debug|Any CPU
		{B2086AF7-E528-4728-9949-0D239357D394}.Debug|Any CPU.Build.0 = Debug|Any CPU
		{B2086AF7-E528-4728-9949-0D239357D394}.Release|Any CPU.ActiveCfg = Release|Any CPU
		{B2086AF7-E528-4728-9949-0D239357D394}.Release|Any CPU.Build.0 = Release|Any CPU
		{795A1E68-080B-4987-8489-007EE7294586}.Debug|Any CPU.ActiveCfg = Debug|Any CPU
		{795A1E68-080B-4987-8489-007EE7294586}.Debug|Any CPU.Build.0 = Debug|Any CPU
		{795A1E68-080B-4987-8489-007EE7294586}.Release|Any CPU.ActiveCfg = Release|Any CPU
		{795A1E68-080B-4987-8489-007EE7294586}.Release|Any CPU.Build.0 = Release|Any CPU
	EndGlobalSection
	GlobalSection(SolutionProperties) = preSolution
		HideSolutionNode = FALSE
	EndGlobalSection
	GlobalSection(NestedProjects) = preSolution
		{279EF4CB-F5FA-4AA1-8FE0-466E3595463F} = {02EA681E-C7D8-13C7-8484-4AC65E1B71E8}
		{26A7B295-E202-4201-A025-654500A8A6FD} = {02EA681E-C7D8-13C7-8484-4AC65E1B71E8}
		{7CDA684D-EAE6-4678-B0ED-D7B6A2C0BC98} = {02EA681E-C7D8-13C7-8484-4AC65E1B71E8}
		{170B599C-606C-4587-8FD7-5F4718C8BE1D} = {80D6BDB8-7D4C-45BE-8980-5638A0833132}
		{B2086AF7-E528-4728-9949-0D239357D394} = {80D6BDB8-7D4C-45BE-8980-5638A0833132}
		{795A1E68-080B-4987-8489-007EE7294586} = {80D6BDB8-7D4C-45BE-8980-5638A0833132}
	EndGlobalSection
	GlobalSection(ExtensibilityGlobals) = postSolution
		SolutionGuid = {4A24AFFD-CEC6-4A4E-B577-BC12FEFF6EDC}
	EndGlobalSection
EndGlobal
